{
  "name": "sample_nodemailer",
  "version": "0.1.0",
  "lockfileVersion": 2,
  "requires": true,
  "packages": {
    "": {
      "name": "sample_nodemailer",
      "version": "0.1.0",
      "license": "Apache-2.0",
      "dependencies": {
        "nodemailer": "^6.7.0"
      }
    },
    "node_modules/nodemailer": {
      "version": "6.7.0",
      "resolved": "https://registry.npmjs.org/nodemailer/-/nodemailer-6.7.0.tgz",
      "integrity": "sha512-AtiTVUFHLiiDnMQ43zi0YgkzHOEWUkhDgPlBXrsDzJiJvB29Alo4OKxHQ0ugF3gRqRQIneCLtZU3yiUo7pItZw==",
      "engines": {
        "node": ">=6.0.0"
      }
    }
  },
  "dependencies": {
    "nodemailer": {
      "version": "6.7.0",
      "resolved": "https://registry.npmjs.org/nodemailer/-/nodemailer-6.7.0.tgz",
      "integrity": "sha512-AtiTVUFHLiiDnMQ43zi0YgkzHOEWUkhDgPlBXrsDzJiJvB29Alo4OKxHQ0ugF3gRqRQIneCLtZU3yiUo7pItZw=="
    }
  }
}
